
Microsoft Visual Studio Solution File, Format Version 12.00
# Visual Studio Version 17
VisualStudioVersion = 17.9.34728.123
MinimumVisualStudioVersion = 10.0.40219.1
Project("{9A19103F-16F7-4668-BE54-9A1E7A4F7556}") = "View", "View\View.csproj", "{461BFCAA-BA72-429A-BA15-439867C2F856}"
EndProject
Project("{9A19103F-16F7-4668-BE54-9A1E7A4F7556}") = "Controllers", "..\Persist\Controllers\Controllers.csproj", "{757D78A8-15CB-4674-972C-10D822FFCE50}"
EndProject
Project("{9A19103F-16F7-4668-BE54-9A1E7A4F7556}") = "Models", "..\Persist\Models\Models.csproj", "{DD225965-FD7C-440E-9AF0-CA7D71FB028C}"
EndProject
Project("{9A19103F-16F7-4668-BE54-9A1E7A4F7556}") = "Repositories", "..\Persist\Repositories\Repositories.csproj", "{3453CA3C-B8AD-4214-8D3B-DE04B5786BF0}"
EndProject
Project("{9A19103F-16F7-4668-BE54-9A1E7A4F7556}") = "Services", "..\Persist\Services\Services.csproj", "{CCC01BF5-001A-4FDC-AEF0-3DF303C482D1}"
EndProject
Global
	GlobalSection(SolutionConfigurationPlatforms) = preSolution
		Debug|Any CPU = Debug|Any CPU
		Release|Any CPU = Release|Any CPU
	EndGlobalSection
	GlobalSection(ProjectConfigurationPlatforms) = postSolution
		{461BFCAA-BA72-429A-BA15-439867C2F856}.Debug|Any CPU.ActiveCfg = Debug|Any CPU
		{461BFCAA-BA72-429A-BA15-439867C2F856}.Debug|Any CPU.Build.0 = Debug|Any CPU
		{461BFCAA-BA72-429A-BA15-439867C2F856}.Release|Any CPU.ActiveCfg = Release|Any CPU
		{461BFCAA-BA72-429A-BA15-439867C2F856}.Release|Any CPU.Build.0 = Release|Any CPU
		{757D78A8-15CB-4674-972C-10D822FFCE50}.Debug|Any CPU.ActiveCfg = Debug|Any CPU
		{757D78A8-15CB-4674-972C-10D822FFCE50}.Debug|Any CPU.Build.0 = Debug|Any CPU
		{757D78A8-15CB-4674-972C-10D822FFCE50}.Release|Any CPU.ActiveCfg = Release|Any CPU
		{757D78A8-15CB-4674-972C-10D822FFCE50}.Release|Any CPU.Build.0 = Release|Any CPU
		{DD225965-FD7C-440E-9AF0-CA7D71FB028C}.Debug|Any CPU.ActiveCfg = Debug|Any CPU
		{DD225965-FD7C-440E-9AF0-CA7D71FB028C}.Debug|Any CPU.Build.0 = Debug|Any CPU
		{DD225965-FD7C-440E-9AF0-CA7D71FB028C}.Release|Any CPU.ActiveCfg = Release|Any CPU
		{DD225965-FD7C-440E-9AF0-CA7D71FB028C}.Release|Any CPU.Build.0 = Release|Any CPU
		{3453CA3C-B8AD-4214-8D3B-DE04B5786BF0}.Debug|Any CPU.ActiveCfg = Debug|Any CPU
		{3453CA3C-B8AD-4214-8D3B-DE04B5786BF0}.Debug|Any CPU.Build.0 = Debug|Any CPU
		{3453CA3C-B8AD-4214-8D3B-DE04B5786BF0}.Release|Any CPU.ActiveCfg = Release|Any CPU
		{3453CA3C-B8AD-4214-8D3B-DE04B5786BF0}.Release|Any CPU.Build.0 = Release|Any CPU
		{CCC01BF5-001A-4FDC-AEF0-3DF303C482D1}.Debug|Any CPU.ActiveCfg = Debug|Any CPU
		{CCC01BF5-001A-4FDC-AEF0-3DF303C482D1}.Debug|Any CPU.Build.0 = Debug|Any CPU
		{CCC01BF5-001A-4FDC-AEF0-3DF303C482D1}.Release|Any CPU.ActiveCfg = Release|Any CPU
		{CCC01BF5-001A-4FDC-AEF0-3DF303C482D1}.Release|Any CPU.Build.0 = Release|Any CPU
	EndGlobalSection
	GlobalSection(SolutionProperties) = preSolution
		HideSolutionNode = FALSE
	EndGlobalSection
	GlobalSection(ExtensibilityGlobals) = postSolution
		SolutionGuid = {94C1ECB1-E81E-43BB-BC40-8F3007990508}
	EndGlobalSection
EndGlobal
