
Microsoft Visual Studio Solution File, Format Version 12.00
# Visual Studio Version 17
VisualStudioVersion = 17.9.34728.123
MinimumVisualStudioVersion = 10.0.40219.1
Project("{9A19103F-16F7-4668-BE54-9A1E7A4F7556}") = "View", "View\View.csproj", "{ADE550E1-8E4B-49D9-918A-D795A830EB77}"
EndProject
Project("{9A19103F-16F7-4668-BE54-9A1E7A4F7556}") = "Controllers", "..\Persist\Controllers\Controllers.csproj", "{D3C75AD5-C1D1-4775-BC49-EFBB416DB3A8}"
EndProject
Project("{9A19103F-16F7-4668-BE54-9A1E7A4F7556}") = "Models", "..\Persist\Models\Models.csproj", "{8E85CA22-467A-46E2-9094-1D5089C3565E}"
EndProject
Project("{9A19103F-16F7-4668-BE54-9A1E7A4F7556}") = "Repositories", "..\Persist\Repositories\Repositories.csproj", "{17A409E6-A4BD-4D4F-A60E-29C1CEF7FF47}"
EndProject
Project("{9A19103F-16F7-4668-BE54-9A1E7A4F7556}") = "Services", "..\Persist\Services\Services.csproj", "{F3811DAF-5D1B-4BA6-B8EA-0041113F64EE}"
EndProject
Global
	GlobalSection(SolutionConfigurationPlatforms) = preSolution
		Debug|Any CPU = Debug|Any CPU
		Release|Any CPU = Release|Any CPU
	EndGlobalSection
	GlobalSection(ProjectConfigurationPlatforms) = postSolution
		{ADE550E1-8E4B-49D9-918A-D795A830EB77}.Debug|Any CPU.ActiveCfg = Debug|Any CPU
		{ADE550E1-8E4B-49D9-918A-D795A830EB77}.Debug|Any CPU.Build.0 = Debug|Any CPU
		{ADE550E1-8E4B-49D9-918A-D795A830EB77}.Release|Any CPU.ActiveCfg = Release|Any CPU
		{ADE550E1-8E4B-49D9-918A-D795A830EB77}.Release|Any CPU.Build.0 = Release|Any CPU
		{D3C75AD5-C1D1-4775-BC49-EFBB416DB3A8}.Debug|Any CPU.ActiveCfg = Debug|Any CPU
		{D3C75AD5-C1D1-4775-BC49-EFBB416DB3A8}.Debug|Any CPU.Build.0 = Debug|Any CPU
		{D3C75AD5-C1D1-4775-BC49-EFBB416DB3A8}.Release|Any CPU.ActiveCfg = Release|Any CPU
		{D3C75AD5-C1D1-4775-BC49-EFBB416DB3A8}.Release|Any CPU.Build.0 = Release|Any CPU
		{8E85CA22-467A-46E2-9094-1D5089C3565E}.Debug|Any CPU.ActiveCfg = Debug|Any CPU
		{8E85CA22-467A-46E2-9094-1D5089C3565E}.Debug|Any CPU.Build.0 = Debug|Any CPU
		{8E85CA22-467A-46E2-9094-1D5089C3565E}.Release|Any CPU.ActiveCfg = Release|Any CPU
		{8E85CA22-467A-46E2-9094-1D5089C3565E}.Release|Any CPU.Build.0 = Release|Any CPU
		{17A409E6-A4BD-4D4F-A60E-29C1CEF7FF47}.Debug|Any CPU.ActiveCfg = Debug|Any CPU
		{17A409E6-A4BD-4D4F-A60E-29C1CEF7FF47}.Debug|Any CPU.Build.0 = Debug|Any CPU
		{17A409E6-A4BD-4D4F-A60E-29C1CEF7FF47}.Release|Any CPU.ActiveCfg = Release|Any CPU
		{17A409E6-A4BD-4D4F-A60E-29C1CEF7FF47}.Release|Any CPU.Build.0 = Release|Any CPU
		{F3811DAF-5D1B-4BA6-B8EA-0041113F64EE}.Debug|Any CPU.ActiveCfg = Debug|Any CPU
		{F3811DAF-5D1B-4BA6-B8EA-0041113F64EE}.Debug|Any CPU.Build.0 = Debug|Any CPU
		{F3811DAF-5D1B-4BA6-B8EA-0041113F64EE}.Release|Any CPU.ActiveCfg = Release|Any CPU
		{F3811DAF-5D1B-4BA6-B8EA-0041113F64EE}.Release|Any CPU.Build.0 = Release|Any CPU
	EndGlobalSection
	GlobalSection(SolutionProperties) = preSolution
		HideSolutionNode = FALSE
	EndGlobalSection
	GlobalSection(ExtensibilityGlobals) = postSolution
		SolutionGuid = {86618694-6DBE-4142-919A-AB56A55A0A3B}
	EndGlobalSection
EndGlobal
