
Microsoft Visual Studio Solution File, Format Version 12.00
# Visual Studio Version 17
VisualStudioVersion = 17.9.34728.123
MinimumVisualStudioVersion = 10.0.40219.1
Project("{9A19103F-16F7-4668-BE54-9A1E7A4F7556}") = "View", "View\View.csproj", "{ADE550E1-8E4B-49D9-918A-D795A830EB77}"
EndProject
Project("{9A19103F-16F7-4668-BE54-9A1E7A4F7556}") = "Models", "Models\Models.csproj", "{A37612CF-7931-4338-90FD-3617B4A11D48}"
EndProject
Project("{FAE04EC0-301F-11D3-BF4B-00C04F79EFBC}") = "Controllers", "Controllers\Controllers.csproj", "{9A838967-EC5D-4D09-9674-FAB0E105A7AB}"
EndProject
Project("{FAE04EC0-301F-11D3-BF4B-00C04F79EFBC}") = "Repositories", "Repositories\Repositories.csproj", "{48B85815-F737-4D6F-BB0F-71EF6B694991}"
EndProject
Project("{FAE04EC0-301F-11D3-BF4B-00C04F79EFBC}") = "Services", "Services\Services.csproj", "{BF422CCB-7917-40D2-B038-A01E4F7D7AD7}"
EndProject
Global
	GlobalSection(SolutionConfigurationPlatforms) = preSolution
		Debug|Any CPU = Debug|Any CPU
		Release|Any CPU = Release|Any CPU
	EndGlobalSection
	GlobalSection(ProjectConfigurationPlatforms) = postSolution
		{ADE550E1-8E4B-49D9-918A-D795A830EB77}.Debug|Any CPU.ActiveCfg = Debug|Any CPU
		{ADE550E1-8E4B-49D9-918A-D795A830EB77}.Debug|Any CPU.Build.0 = Debug|Any CPU
		{ADE550E1-8E4B-49D9-918A-D795A830EB77}.Release|Any CPU.ActiveCfg = Release|Any CPU
		{ADE550E1-8E4B-49D9-918A-D795A830EB77}.Release|Any CPU.Build.0 = Release|Any CPU
		{A37612CF-7931-4338-90FD-3617B4A11D48}.Debug|Any CPU.ActiveCfg = Debug|Any CPU
		{A37612CF-7931-4338-90FD-3617B4A11D48}.Debug|Any CPU.Build.0 = Debug|Any CPU
		{A37612CF-7931-4338-90FD-3617B4A11D48}.Release|Any CPU.ActiveCfg = Release|Any CPU
		{A37612CF-7931-4338-90FD-3617B4A11D48}.Release|Any CPU.Build.0 = Release|Any CPU
		{9A838967-EC5D-4D09-9674-FAB0E105A7AB}.Debug|Any CPU.ActiveCfg = Debug|Any CPU
		{9A838967-EC5D-4D09-9674-FAB0E105A7AB}.Debug|Any CPU.Build.0 = Debug|Any CPU
		{9A838967-EC5D-4D09-9674-FAB0E105A7AB}.Release|Any CPU.ActiveCfg = Release|Any CPU
		{9A838967-EC5D-4D09-9674-FAB0E105A7AB}.Release|Any CPU.Build.0 = Release|Any CPU
		{48B85815-F737-4D6F-BB0F-71EF6B694991}.Debug|Any CPU.ActiveCfg = Debug|Any CPU
		{48B85815-F737-4D6F-BB0F-71EF6B694991}.Debug|Any CPU.Build.0 = Debug|Any CPU
		{48B85815-F737-4D6F-BB0F-71EF6B694991}.Release|Any CPU.ActiveCfg = Release|Any CPU
		{48B85815-F737-4D6F-BB0F-71EF6B694991}.Release|Any CPU.Build.0 = Release|Any CPU
		{BF422CCB-7917-40D2-B038-A01E4F7D7AD7}.Debug|Any CPU.ActiveCfg = Debug|Any CPU
		{BF422CCB-7917-40D2-B038-A01E4F7D7AD7}.Debug|Any CPU.Build.0 = Debug|Any CPU
		{BF422CCB-7917-40D2-B038-A01E4F7D7AD7}.Release|Any CPU.ActiveCfg = Release|Any CPU
		{BF422CCB-7917-40D2-B038-A01E4F7D7AD7}.Release|Any CPU.Build.0 = Release|Any CPU
	EndGlobalSection
	GlobalSection(SolutionProperties) = preSolution
		HideSolutionNode = FALSE
	EndGlobalSection
	GlobalSection(ExtensibilityGlobals) = postSolution
		SolutionGuid = {86618694-6DBE-4142-919A-AB56A55A0A3B}
	EndGlobalSection
EndGlobal
