
Microsoft Visual Studio Solution File, Format Version 12.00
# Visual Studio Version 17
VisualStudioVersion = 17.9.34728.123
MinimumVisualStudioVersion = 10.0.40219.1
Project("{9A19103F-16F7-4668-BE54-9A1E7A4F7556}") = "View", "View\View.csproj", "{ADE550E1-8E4B-49D9-918A-D795A830EB77}"
EndProject
Project("{FAE04EC0-301F-11D3-BF4B-00C04F79EFBC}") = "Repositories", "Repositories\Repositories.csproj", "{4EF6E221-B453-42D4-812D-D2DD4C7B8D28}"
EndProject
Project("{FAE04EC0-301F-11D3-BF4B-00C04F79EFBC}") = "Models", "Models\Models.csproj", "{A37612CF-7931-4338-90FD-3617B4A11D48}"
EndProject
Project("{FAE04EC0-301F-11D3-BF4B-00C04F79EFBC}") = "Controllers", "Controllers\Controllers.csproj", "{513FC4C0-95BC-478D-9B01-515FA51F3567}"
EndProject
Project("{FAE04EC0-301F-11D3-BF4B-00C04F79EFBC}") = "Services", "Services\Services.csproj", "{009FC05E-0571-4CDD-89A2-F98398493EAA}"
EndProject
Global
	GlobalSection(SolutionConfigurationPlatforms) = preSolution
		Debug|Any CPU = Debug|Any CPU
		Release|Any CPU = Release|Any CPU
	EndGlobalSection
	GlobalSection(ProjectConfigurationPlatforms) = postSolution
		{ADE550E1-8E4B-49D9-918A-D795A830EB77}.Debug|Any CPU.ActiveCfg = Debug|Any CPU
		{ADE550E1-8E4B-49D9-918A-D795A830EB77}.Debug|Any CPU.Build.0 = Debug|Any CPU
		{ADE550E1-8E4B-49D9-918A-D795A830EB77}.Release|Any CPU.ActiveCfg = Release|Any CPU
		{ADE550E1-8E4B-49D9-918A-D795A830EB77}.Release|Any CPU.Build.0 = Release|Any CPU
		{4EF6E221-B453-42D4-812D-D2DD4C7B8D28}.Debug|Any CPU.ActiveCfg = Debug|Any CPU
		{4EF6E221-B453-42D4-812D-D2DD4C7B8D28}.Debug|Any CPU.Build.0 = Debug|Any CPU
		{4EF6E221-B453-42D4-812D-D2DD4C7B8D28}.Release|Any CPU.ActiveCfg = Release|Any CPU
		{4EF6E221-B453-42D4-812D-D2DD4C7B8D28}.Release|Any CPU.Build.0 = Release|Any CPU
		{A37612CF-7931-4338-90FD-3617B4A11D48}.Debug|Any CPU.ActiveCfg = Debug|Any CPU
		{A37612CF-7931-4338-90FD-3617B4A11D48}.Debug|Any CPU.Build.0 = Debug|Any CPU
		{A37612CF-7931-4338-90FD-3617B4A11D48}.Release|Any CPU.ActiveCfg = Release|Any CPU
		{A37612CF-7931-4338-90FD-3617B4A11D48}.Release|Any CPU.Build.0 = Release|Any CPU
		{513FC4C0-95BC-478D-9B01-515FA51F3567}.Debug|Any CPU.ActiveCfg = Debug|Any CPU
		{513FC4C0-95BC-478D-9B01-515FA51F3567}.Debug|Any CPU.Build.0 = Debug|Any CPU
		{513FC4C0-95BC-478D-9B01-515FA51F3567}.Release|Any CPU.ActiveCfg = Release|Any CPU
		{513FC4C0-95BC-478D-9B01-515FA51F3567}.Release|Any CPU.Build.0 = Release|Any CPU
		{009FC05E-0571-4CDD-89A2-F98398493EAA}.Debug|Any CPU.ActiveCfg = Debug|Any CPU
		{009FC05E-0571-4CDD-89A2-F98398493EAA}.Debug|Any CPU.Build.0 = Debug|Any CPU
		{009FC05E-0571-4CDD-89A2-F98398493EAA}.Release|Any CPU.ActiveCfg = Release|Any CPU
		{009FC05E-0571-4CDD-89A2-F98398493EAA}.Release|Any CPU.Build.0 = Release|Any CPU
	EndGlobalSection
	GlobalSection(SolutionProperties) = preSolution
		HideSolutionNode = FALSE
	EndGlobalSection
	GlobalSection(ExtensibilityGlobals) = postSolution
		SolutionGuid = {86618694-6DBE-4142-919A-AB56A55A0A3B}
	EndGlobalSection
EndGlobal
